
Microsoft Visual Studio Solution File, Format Version 12.00
# Visual Studio Version 17
VisualStudioVersion = 17.5.33402.96
MinimumVisualStudioVersion = 10.0.40219.1
Project("{9A19103F-16F7-4668-BE54-9A1E7A4F7556}") = "Traveler.DiscordBot", "Traveler.DiscordBot.csproj", "{46C12DF8-28F6-4991-95C4-DA6EAF47E943}"
EndProject
Project("{2150E333-8FDC-42A3-9474-1A3956D46DE8}") = "Solution Items", "Solution Items", "{0D859931-CC42-4219-A0E6-0D2DD846270D}"
	ProjectSection(SolutionItems) = preProject
		.editorconfig = .editorconfig
		.gitignore = .gitignore
	EndProjectSection
EndProject
Global
	GlobalSection(SolutionConfigurationPlatforms) = preSolution
		Debug|Any CPU = Debug|Any CPU
		Release|Any CPU = Release|Any CPU
	EndGlobalSection
	GlobalSection(ProjectConfigurationPlatforms) = postSolution
		{46C12DF8-28F6-4991-95C4-DA6EAF47E943}.Debug|Any CPU.ActiveCfg = Debug|Any CPU
		{46C12DF8-28F6-4991-95C4-DA6EAF47E943}.Debug|Any CPU.Build.0 = Debug|Any CPU
		{46C12DF8-28F6-4991-95C4-DA6EAF47E943}.Release|Any CPU.ActiveCfg = Release|Any CPU
		{46C12DF8-28F6-4991-95C4-DA6EAF47E943}.Release|Any CPU.Build.0 = Release|Any CPU
	EndGlobalSection
	GlobalSection(SolutionProperties) = preSolution
		HideSolutionNode = FALSE
	EndGlobalSection
	GlobalSection(ExtensibilityGlobals) = postSolution
		SolutionGuid = {58B8A5BB-1205-4C6C-B59F-66DFA5CC0F92}
	EndGlobalSection
EndGlobal
